{
  "name": "rel-ai-mcp",
  "version": "0.6.0",
  "lockfileVersion": 3,
  "requires": true,
  "packages": {
    "": {
      "name": "rel-ai-mcp",
      "version": "0.6.0",
      "license": "MIT",
      "bin": {
        "rel-ai-mcp": "bin/rel-ai-mcp.js",
        "rel-ai-mcp-http": "bin/rel-ai-mcp-http.js",
        "relai-mcp-config": "bin/relai-mcp-config.js"
      },
      "engines": {
        "node": ">=18"
      }
    }
  }
}
